<?xml version="1.0" encoding="utf-8"?>
<Project ToolsVersion="4.0" xmlns="http://schemas.microsoft.com/developer/msbuild/2003">
  <ItemGroup>
    <Filter Include="Source Files">
      <UniqueIdentifier>{4FC737F1-C7A5-4376-A066-2A32D752A2FF}</UniqueIdentifier>
      <Extensions>cpp;c;cc;cxx;c++;cppm;ixx;def;odl;idl;hpj;bat;asm;asmx</Extensions>
    </Filter>
    <Filter Include="Header Files">
      <UniqueIdentifier>{93995380-89BD-4b04-88EB-625FBE52EBFB}</UniqueIdentifier>
      <Extensions>h;hh;hpp;hxx;h++;hm;inl;inc;ipp;xsd</Extensions>
    </Filter>
    <Filter Include="Resource Files">
      <UniqueIdentifier>{67DA6AB6-F800-4c08-8B7A-83BB121AAD01}</UniqueIdentifier>
      <Extensions>rc;ico;cur;bmp;dlg;rc2;rct;bin;rgs;gif;jpg;jpeg;jpe;resx;tiff;tif;png;wav;mfcribbon-ms</Extensions>
    </Filter>
    <Filter Include="Header Files\Helpers">
      <UniqueIdentifier>{691615b5-9062-4d26-9d1f-67cf8b143585}</UniqueIdentifier>
    </Filter>
    <Filter Include="Source Files\Helpers">
      <UniqueIdentifier>{adf5abe4-ac19-4674-ae5e-3390bb6f39bc}</UniqueIdentifier>
    </Filter>
    <Filter Include="Header Files\ValuationFunction">
      <UniqueIdentifier>{b4fdc118-5073-4ae6-95f3-60134f7c0cfc}</UniqueIdentifier>
    </Filter>
    <Filter Include="Source Files\ValuationFunction">
      <UniqueIdentifier>{6a6d8c13-ea40-47bc-8d09-816e43fa14cb}</UniqueIdentifier>
    </Filter>
    <Filter Include="Header Files\Simulations">
      <UniqueIdentifier>{f02e0f27-ea36-431e-8d09-ad082f7f3371}</UniqueIdentifier>
    </Filter>
    <Filter Include="Source Files\Simulations">
      <UniqueIdentifier>{89f89834-70a4-466c-a552-92baa26e91d3}</UniqueIdentifier>
    </Filter>
    <Filter Include="Header Files\Aggregation">
      <UniqueIdentifier>{4efc0f25-ee84-4c7f-b4d6-37ab87bdcce4}</UniqueIdentifier>
    </Filter>
    <Filter Include="Source Files\Aggregation">
      <UniqueIdentifier>{6d28ea80-7d46-4141-9e40-5054c43b3a6c}</UniqueIdentifier>
    </Filter>
  </ItemGroup>
  <ItemGroup>
    <ClCompile Include="MonteCarloSimulationVaREngine.cpp">
      <Filter>Source Files</Filter>
    </ClCompile>
    <ClCompile Include="Random.cpp">
      <Filter>Source Files\Helpers</Filter>
    </ClCompile>
    <ClCompile Include="Cholesky.cpp">
      <Filter>Source Files\Helpers</Filter>
    </ClCompile>
    <ClCompile Include="TSHandler.cpp">
      <Filter>Source Files\Helpers</Filter>
    </ClCompile>
    <ClCompile Include="Bond.cpp">
      <Filter>Source Files\ValuationFunction</Filter>
    </ClCompile>
    <ClCompile Include="FXForward.cpp">
      <Filter>Source Files\ValuationFunction</Filter>
    </ClCompile>
    <ClCompile Include="OptionCall.cpp">
      <Filter>Source Files\ValuationFunction</Filter>
    </ClCompile>
    <ClCompile Include="ValuationFunction.cpp">
      <Filter>Source Files\ValuationFunction</Filter>
    </ClCompile>
    <ClCompile Include="ValuationFunctionCombiner.cpp">
      <Filter>Source Files\ValuationFunction</Filter>
    </ClCompile>
    <ClCompile Include="BrownianMotionStep.cpp">
      <Filter>Source Files\Simulations</Filter>
    </ClCompile>
    <ClCompile Include="MCEngine.cpp">
      <Filter>Source Files\Simulations</Filter>
    </ClCompile>
    <ClCompile Include="SimulationEngine.cpp">
      <Filter>Source Files\Simulations</Filter>
    </ClCompile>
    <ClCompile Include="BlackSholesStep.cpp">
      <Filter>Source Files\Simulations</Filter>
    </ClCompile>
    <ClCompile Include="StatisticsCompiler.cpp">
      <Filter>Source Files\Aggregation</Filter>
    </ClCompile>
    <ClCompile Include="StatisticsMean.cpp">
      <Filter>Source Files\Aggregation</Filter>
    </ClCompile>
    <ClCompile Include="StatisticsQuantilescpp.cpp">
      <Filter>Source Files\Aggregation</Filter>
    </ClCompile>
    <ClCompile Include="StatisticsRelESpp.cpp">
      <Filter>Source Files\Aggregation</Filter>
    </ClCompile>
    <ClCompile Include="StatisticsRelVaR.cpp">
      <Filter>Source Files\Aggregation</Filter>
    </ClCompile>
    <ClCompile Include="ConvergenceTable.cpp">
      <Filter>Source Files\Aggregation</Filter>
    </ClCompile>
    <ClCompile Include="InstrumentStatisticsGatherer.cpp">
      <Filter>Source Files\Aggregation</Filter>
    </ClCompile>
    <ClCompile Include="MCStatistics.cpp">
      <Filter>Source Files\Aggregation</Filter>
    </ClCompile>
    <ClCompile Include="StatisticsAbsVaR.cpp">
      <Filter>Source Files\Aggregation</Filter>
    </ClCompile>
  </ItemGroup>
  <ItemGroup>
    <ClInclude Include="Arrays.h">
      <Filter>Header Files\Helpers</Filter>
    </ClInclude>
    <ClInclude Include="Random.h">
      <Filter>Header Files\Helpers</Filter>
    </ClInclude>
    <ClInclude Include="ReadCSV.h">
      <Filter>Header Files\Helpers</Filter>
    </ClInclude>
    <ClInclude Include="RiskFactor.h">
      <Filter>Header Files\Helpers</Filter>
    </ClInclude>
    <ClInclude Include="Wrapper.h">
      <Filter>Header Files\Helpers</Filter>
    </ClInclude>
    <ClInclude Include="Cholesky.h">
      <Filter>Header Files\Helpers</Filter>
    </ClInclude>
    <ClInclude Include="ReturnType.h">
      <Filter>Header Files\Helpers</Filter>
    </ClInclude>
    <ClInclude Include="TSHandler.h">
      <Filter>Header Files\Helpers</Filter>
    </ClInclude>
    <ClInclude Include="OptionCall.h">
      <Filter>Header Files\ValuationFunction</Filter>
    </ClInclude>
    <ClInclude Include="ValuationFunction.h">
      <Filter>Header Files\ValuationFunction</Filter>
    </ClInclude>
    <ClInclude Include="Bond.h">
      <Filter>Header Files\ValuationFunction</Filter>
    </ClInclude>
    <ClInclude Include="FXForward.h">
      <Filter>Header Files\ValuationFunction</Filter>
    </ClInclude>
    <ClInclude Include="ValuationFunctionCombiner.h">
      <Filter>Header Files\ValuationFunction</Filter>
    </ClInclude>
    <ClInclude Include="MCEngine.h">
      <Filter>Header Files\Simulations</Filter>
    </ClInclude>
    <ClInclude Include="SimulationEngine.h">
      <Filter>Header Files\Simulations</Filter>
    </ClInclude>
    <ClInclude Include="BlackSholesStep.h">
      <Filter>Header Files\Simulations</Filter>
    </ClInclude>
    <ClInclude Include="BrownianMotionStep.h">
      <Filter>Header Files\Simulations</Filter>
    </ClInclude>
    <ClInclude Include="MCStatistics.h">
      <Filter>Header Files\Aggregation</Filter>
    </ClInclude>
    <ClInclude Include="StatisticsAbsVaR.h">
      <Filter>Header Files\Aggregation</Filter>
    </ClInclude>
    <ClInclude Include="StatisticsCompiler.h">
      <Filter>Header Files\Aggregation</Filter>
    </ClInclude>
    <ClInclude Include="StatisticsMean.h">
      <Filter>Header Files\Aggregation</Filter>
    </ClInclude>
    <ClInclude Include="StatisticsQuantiles.h">
      <Filter>Header Files\Aggregation</Filter>
    </ClInclude>
    <ClInclude Include="StatisticsRelES.h">
      <Filter>Header Files\Aggregation</Filter>
    </ClInclude>
    <ClInclude Include="StatisticsRelVaR.h">
      <Filter>Header Files\Aggregation</Filter>
    </ClInclude>
    <ClInclude Include="ConvergenceTable.h">
      <Filter>Header Files\Aggregation</Filter>
    </ClInclude>
    <ClInclude Include="InstrumentStatisticsGatherer.h">
      <Filter>Header Files\Aggregation</Filter>
    </ClInclude>
  </ItemGroup>
</Project>